
Microsoft Visual Studio Solution File, Format Version 12.00
# Visual Studio Version 17
VisualStudioVersion = 17.14.36109.1
MinimumVisualStudioVersion = 10.0.40219.1
Project("{FAE04EC0-301F-11D3-BF4B-00C04F79EFBC}") = "ScheduleEditor", "ScheduleEditor.csproj", "{2C9480CF-A544-65BA-84F5-E97708A94C24}"
EndProject
Project("{2150E333-8FDC-42A3-9474-1A3956D46DE8}") = "ref", "ref", "{BD723044-0856-D0CD-08C8-5B40B1E1D1C1}"
EndProject
Project("{FAE04EC0-301F-11D3-BF4B-00C04F79EFBC}") = "Meadow.HCom", "..\..\Meadow.CLI\Source\Meadow.HCom\Meadow.HCom.csproj", "{78E452A0-A77F-CD98-4F1C-793F33B0AF6E}"
EndProject
Project("{FAE04EC0-301F-11D3-BF4B-00C04F79EFBC}") = "Meadow.Tooling.Core", "..\..\Meadow.CLI\Source\Meadow.Tooling.Core\Meadow.Tooling.Core.csproj", "{A18C53DF-F43F-986C-0B66-77FDB9B96A6D}"
EndProject
Project("{FAE04EC0-301F-11D3-BF4B-00C04F79EFBC}") = "Meadow.Foundation.MicroScheduler", "..\..\Meadow.Foundation\Source\Meadow.Foundation.Libraries_and_Frameworks\MicroScheduler\Driver\Meadow.Foundation.MicroScheduler\Meadow.Foundation.MicroScheduler.csproj", "{8161DA81-9FE5-111E-3D5C-C649D0007B21}"
EndProject
Project("{FAE04EC0-301F-11D3-BF4B-00C04F79EFBC}") = "Meadow.SoftwareManager", "..\..\Meadow.CLI\Source\Meadow.SoftwareManager\Meadow.SoftwareManager.csproj", "{4BC6CE7E-3EC6-DB62-05D3-A35CC664BDFE}"
EndProject
Global
	GlobalSection(SolutionConfigurationPlatforms) = preSolution
		Debug|Any CPU = Debug|Any CPU
		Release|Any CPU = Release|Any CPU
	EndGlobalSection
	GlobalSection(ProjectConfigurationPlatforms) = postSolution
		{2C9480CF-A544-65BA-84F5-E97708A94C24}.Debug|Any CPU.ActiveCfg = Debug|Any CPU
		{2C9480CF-A544-65BA-84F5-E97708A94C24}.Debug|Any CPU.Build.0 = Debug|Any CPU
		{2C9480CF-A544-65BA-84F5-E97708A94C24}.Release|Any CPU.ActiveCfg = Release|Any CPU
		{2C9480CF-A544-65BA-84F5-E97708A94C24}.Release|Any CPU.Build.0 = Release|Any CPU
		{78E452A0-A77F-CD98-4F1C-793F33B0AF6E}.Debug|Any CPU.ActiveCfg = Debug|Any CPU
		{78E452A0-A77F-CD98-4F1C-793F33B0AF6E}.Debug|Any CPU.Build.0 = Debug|Any CPU
		{78E452A0-A77F-CD98-4F1C-793F33B0AF6E}.Release|Any CPU.ActiveCfg = Release|Any CPU
		{78E452A0-A77F-CD98-4F1C-793F33B0AF6E}.Release|Any CPU.Build.0 = Release|Any CPU
		{A18C53DF-F43F-986C-0B66-77FDB9B96A6D}.Debug|Any CPU.ActiveCfg = Debug|Any CPU
		{A18C53DF-F43F-986C-0B66-77FDB9B96A6D}.Debug|Any CPU.Build.0 = Debug|Any CPU
		{A18C53DF-F43F-986C-0B66-77FDB9B96A6D}.Release|Any CPU.ActiveCfg = Release|Any CPU
		{A18C53DF-F43F-986C-0B66-77FDB9B96A6D}.Release|Any CPU.Build.0 = Release|Any CPU
		{8161DA81-9FE5-111E-3D5C-C649D0007B21}.Debug|Any CPU.ActiveCfg = Debug|Any CPU
		{8161DA81-9FE5-111E-3D5C-C649D0007B21}.Debug|Any CPU.Build.0 = Debug|Any CPU
		{8161DA81-9FE5-111E-3D5C-C649D0007B21}.Release|Any CPU.ActiveCfg = Release|Any CPU
		{8161DA81-9FE5-111E-3D5C-C649D0007B21}.Release|Any CPU.Build.0 = Release|Any CPU
		{4BC6CE7E-3EC6-DB62-05D3-A35CC664BDFE}.Debug|Any CPU.ActiveCfg = Debug|Any CPU
		{4BC6CE7E-3EC6-DB62-05D3-A35CC664BDFE}.Debug|Any CPU.Build.0 = Debug|Any CPU
		{4BC6CE7E-3EC6-DB62-05D3-A35CC664BDFE}.Release|Any CPU.ActiveCfg = Release|Any CPU
		{4BC6CE7E-3EC6-DB62-05D3-A35CC664BDFE}.Release|Any CPU.Build.0 = Release|Any CPU
	EndGlobalSection
	GlobalSection(SolutionProperties) = preSolution
		HideSolutionNode = FALSE
	EndGlobalSection
	GlobalSection(NestedProjects) = preSolution
		{78E452A0-A77F-CD98-4F1C-793F33B0AF6E} = {BD723044-0856-D0CD-08C8-5B40B1E1D1C1}
		{A18C53DF-F43F-986C-0B66-77FDB9B96A6D} = {BD723044-0856-D0CD-08C8-5B40B1E1D1C1}
		{8161DA81-9FE5-111E-3D5C-C649D0007B21} = {BD723044-0856-D0CD-08C8-5B40B1E1D1C1}
		{4BC6CE7E-3EC6-DB62-05D3-A35CC664BDFE} = {BD723044-0856-D0CD-08C8-5B40B1E1D1C1}
	EndGlobalSection
	GlobalSection(ExtensibilityGlobals) = postSolution
		SolutionGuid = {C84F66A0-E0CA-471A-9CEE-A74EF71C121C}
	EndGlobalSection
EndGlobal
